
Microsoft Visual Studio Solution File, Format Version 12.00
# Visual Studio Version 17
VisualStudioVersion = 17.3.32929.385
MinimumVisualStudioVersion = 10.0.40219.1
Project("{FAE04EC0-301F-11D3-BF4B-00C04F79EFBC}") = "CheckoutKata", "CheckoutKata\CheckoutKata.csproj", "{C1E9EF13-81A8-44C8-BF8E-70508DCA28D3}"
EndProject
Project("{FAE04EC0-301F-11D3-BF4B-00C04F79EFBC}") = "CheckoutKataTesting", "CheckoutKataTesting\CheckoutKataTesting.csproj", "{6929B36A-95F3-4B56-B272-7502C63C1F4E}"
EndProject
Global
	GlobalSection(SolutionConfigurationPlatforms) = preSolution
		Debug|Any CPU = Debug|Any CPU
		Release|Any CPU = Release|Any CPU
	EndGlobalSection
	GlobalSection(ProjectConfigurationPlatforms) = postSolution
		{C1E9EF13-81A8-44C8-BF8E-70508DCA28D3}.Debug|Any CPU.ActiveCfg = Debug|Any CPU
		{C1E9EF13-81A8-44C8-BF8E-70508DCA28D3}.Debug|Any CPU.Build.0 = Debug|Any CPU
		{C1E9EF13-81A8-44C8-BF8E-70508DCA28D3}.Release|Any CPU.ActiveCfg = Release|Any CPU
		{C1E9EF13-81A8-44C8-BF8E-70508DCA28D3}.Release|Any CPU.Build.0 = Release|Any CPU
		{6929B36A-95F3-4B56-B272-7502C63C1F4E}.Debug|Any CPU.ActiveCfg = Debug|Any CPU
		{6929B36A-95F3-4B56-B272-7502C63C1F4E}.Debug|Any CPU.Build.0 = Debug|Any CPU
		{6929B36A-95F3-4B56-B272-7502C63C1F4E}.Release|Any CPU.ActiveCfg = Release|Any CPU
		{6929B36A-95F3-4B56-B272-7502C63C1F4E}.Release|Any CPU.Build.0 = Release|Any CPU
	EndGlobalSection
	GlobalSection(SolutionProperties) = preSolution
		HideSolutionNode = FALSE
	EndGlobalSection
	GlobalSection(ExtensibilityGlobals) = postSolution
		SolutionGuid = {69B1605C-B2A5-4AE8-85C1-2C86FE7EE945}
	EndGlobalSection
EndGlobal
